
Microsoft Visual Studio Solution File, Format Version 12.00
# Visual Studio Version 17
VisualStudioVersion = 17.9.34723.18
MinimumVisualStudioVersion = 10.0.40219.1
Project("{FAE04EC0-301F-11D3-BF4B-00C04F79EFBC}") = "DesignDiagram", "DesignDiagram\DesignDiagram.csproj", "{271E8A55-6FF6-425C-BF48-12D58D4E7387}"
EndProject
Global
	GlobalSection(SolutionConfigurationPlatforms) = preSolution
		Debug|Any CPU = Debug|Any CPU
		Release|Any CPU = Release|Any CPU
	EndGlobalSection
	GlobalSection(ProjectConfigurationPlatforms) = postSolution
		{271E8A55-6FF6-425C-BF48-12D58D4E7387}.Debug|Any CPU.ActiveCfg = Debug|Any CPU
		{271E8A55-6FF6-425C-BF48-12D58D4E7387}.Debug|Any CPU.Build.0 = Debug|Any CPU
		{271E8A55-6FF6-425C-BF48-12D58D4E7387}.Release|Any CPU.ActiveCfg = Release|Any CPU
		{271E8A55-6FF6-425C-BF48-12D58D4E7387}.Release|Any CPU.Build.0 = Release|Any CPU
	EndGlobalSection
	GlobalSection(SolutionProperties) = preSolution
		HideSolutionNode = FALSE
	EndGlobalSection
	GlobalSection(ExtensibilityGlobals) = postSolution
		SolutionGuid = {44C8399E-E942-42AF-8F69-2EE3D147FE10}
	EndGlobalSection
EndGlobal
